
Microsoft Visual Studio Solution File, Format Version 12.00
# Visual Studio Version 17
VisualStudioVersion = 17.0.32014.148
MinimumVisualStudioVersion = 10.0.40219.1
Project("{8BC9CEB8-8B4A-11D0-8D11-00A0C91BC942}") = "elf2uf2", "elf2uf2.vcxproj", "{28A876EE-AFC7-4C96-AA7B-03B45DA3132B}"
EndProject
Project("{2150E333-8FDC-42A3-9474-1A3956D46DE8}") = "_doc", "_doc", "{5C95F479-786F-4E58-9A43-695ED8C4254A}"
	ProjectSection(SolutionItems) = preProject
		README.md = README.md
	EndProjectSection
EndProject
Project("{2150E333-8FDC-42A3-9474-1A3956D46DE8}") = "_build", "_build", "{C45D9A84-1961-42C0-B4E5-F99E528238D9}"
	ProjectSection(SolutionItems) = preProject
		build.bat = build.bat
		Makefile = Makefile
	EndProjectSection
EndProject
Project("{2150E333-8FDC-42A3-9474-1A3956D46DE8}") = ".github", ".github", "{C986F3A5-B446-4F33-A660-43AF17014714}"
EndProject
Project("{2150E333-8FDC-42A3-9474-1A3956D46DE8}") = "workflows", "workflows", "{88D171A8-38F5-41D9-9280-1ABA64F6293E}"
	ProjectSection(SolutionItems) = preProject
		.github\workflows\elf2uf2.yml = .github\workflows\elf2uf2.yml
	EndProjectSection
EndProject
Global
	GlobalSection(SolutionConfigurationPlatforms) = preSolution
		Debug|x64 = Debug|x64
		Release|x64 = Release|x64
	EndGlobalSection
	GlobalSection(ProjectConfigurationPlatforms) = postSolution
		{28A876EE-AFC7-4C96-AA7B-03B45DA3132B}.Debug|x64.ActiveCfg = Debug|x64
		{28A876EE-AFC7-4C96-AA7B-03B45DA3132B}.Debug|x64.Build.0 = Debug|x64
		{28A876EE-AFC7-4C96-AA7B-03B45DA3132B}.Release|x64.ActiveCfg = Release|x64
		{28A876EE-AFC7-4C96-AA7B-03B45DA3132B}.Release|x64.Build.0 = Release|x64
	EndGlobalSection
	GlobalSection(SolutionProperties) = preSolution
		HideSolutionNode = FALSE
	EndGlobalSection
	GlobalSection(NestedProjects) = preSolution
		{88D171A8-38F5-41D9-9280-1ABA64F6293E} = {C986F3A5-B446-4F33-A660-43AF17014714}
	EndGlobalSection
	GlobalSection(ExtensibilityGlobals) = postSolution
		SolutionGuid = {82A0F1D0-CA7A-4CDC-A039-E45DAB2FB7E1}
	EndGlobalSection
EndGlobal
